
Microsoft Visual Studio Solution File, Format Version 12.00
# Visual Studio 15
VisualStudioVersion = 15.0.27428.2043
MinimumVisualStudioVersion = 10.0.40219.1
Project("{FAE04EC0-301F-11D3-BF4B-00C04F79EFBC}") = "Aerolinea1", "Aerolinea1.csproj", "{5D8B7846-8606-4CE2-9F54-6C07F8C6E9B8}"
EndProject
Project("{54435603-DBB4-11D2-8724-00A0C9A8B90C}") = "Setup", "..\Setup\Setup.vdproj", "{952F1D9C-4B8F-49B9-8CCD-DA681E90A270}"
EndProject
Global
	GlobalSection(SolutionConfigurationPlatforms) = preSolution
		Debug|Any CPU = Debug|Any CPU
		Release|Any CPU = Release|Any CPU
	EndGlobalSection
	GlobalSection(ProjectConfigurationPlatforms) = postSolution
		{5D8B7846-8606-4CE2-9F54-6C07F8C6E9B8}.Debug|Any CPU.ActiveCfg = Debug|Any CPU
		{5D8B7846-8606-4CE2-9F54-6C07F8C6E9B8}.Debug|Any CPU.Build.0 = Debug|Any CPU
		{5D8B7846-8606-4CE2-9F54-6C07F8C6E9B8}.Release|Any CPU.ActiveCfg = Release|Any CPU
		{5D8B7846-8606-4CE2-9F54-6C07F8C6E9B8}.Release|Any CPU.Build.0 = Release|Any CPU
		{952F1D9C-4B8F-49B9-8CCD-DA681E90A270}.Debug|Any CPU.ActiveCfg = Debug
		{952F1D9C-4B8F-49B9-8CCD-DA681E90A270}.Release|Any CPU.ActiveCfg = Release
	EndGlobalSection
	GlobalSection(SolutionProperties) = preSolution
		HideSolutionNode = FALSE
	EndGlobalSection
	GlobalSection(ExtensibilityGlobals) = postSolution
		SolutionGuid = {76B48DE0-B257-4D1E-BB46-89AD208909CB}
	EndGlobalSection
EndGlobal
